
Microsoft Visual Studio Solution File, Format Version 12.00
# Visual Studio Version 16
VisualStudioVersion = 16.0.29728.190
MinimumVisualStudioVersion = 10.0.40219.1
Project("{FAE04EC0-301F-11D3-BF4B-00C04F79EFBC}") = "buenaire.Android", "buenaire\buenaire.Android\buenaire.Android.csproj", "{D305043F-6C13-4139-8863-8A8F67A03E44}"
EndProject
Project("{FAE04EC0-301F-11D3-BF4B-00C04F79EFBC}") = "buenaire.iOS", "buenaire\buenaire.iOS\buenaire.iOS.csproj", "{4FEB377A-A25A-4CBD-9D9A-469987279425}"
EndProject
Project("{FAE04EC0-301F-11D3-BF4B-00C04F79EFBC}") = "buenaire", "buenaire\buenaire\buenaire.csproj", "{77D75AA3-7FE7-4514-AB3B-F0C66CBE1A6D}"
EndProject
Global
	GlobalSection(SolutionConfigurationPlatforms) = preSolution
		Debug|Any CPU = Debug|Any CPU
		Debug|iPhone = Debug|iPhone
		Debug|iPhoneSimulator = Debug|iPhoneSimulator
		Release|Any CPU = Release|Any CPU
		Release|iPhone = Release|iPhone
		Release|iPhoneSimulator = Release|iPhoneSimulator
	EndGlobalSection
	GlobalSection(ProjectConfigurationPlatforms) = postSolution
		{D305043F-6C13-4139-8863-8A8F67A03E44}.Debug|Any CPU.ActiveCfg = Debug|Any CPU
		{D305043F-6C13-4139-8863-8A8F67A03E44}.Debug|Any CPU.Build.0 = Debug|Any CPU
		{D305043F-6C13-4139-8863-8A8F67A03E44}.Debug|Any CPU.Deploy.0 = Debug|Any CPU
		{D305043F-6C13-4139-8863-8A8F67A03E44}.Debug|iPhone.ActiveCfg = Debug|Any CPU
		{D305043F-6C13-4139-8863-8A8F67A03E44}.Debug|iPhone.Build.0 = Debug|Any CPU
		{D305043F-6C13-4139-8863-8A8F67A03E44}.Debug|iPhone.Deploy.0 = Debug|Any CPU
		{D305043F-6C13-4139-8863-8A8F67A03E44}.Debug|iPhoneSimulator.ActiveCfg = Debug|Any CPU
		{D305043F-6C13-4139-8863-8A8F67A03E44}.Debug|iPhoneSimulator.Build.0 = Debug|Any CPU
		{D305043F-6C13-4139-8863-8A8F67A03E44}.Debug|iPhoneSimulator.Deploy.0 = Debug|Any CPU
		{D305043F-6C13-4139-8863-8A8F67A03E44}.Release|Any CPU.ActiveCfg = Release|Any CPU
		{D305043F-6C13-4139-8863-8A8F67A03E44}.Release|Any CPU.Build.0 = Release|Any CPU
		{D305043F-6C13-4139-8863-8A8F67A03E44}.Release|Any CPU.Deploy.0 = Release|Any CPU
		{D305043F-6C13-4139-8863-8A8F67A03E44}.Release|iPhone.ActiveCfg = Release|Any CPU
		{D305043F-6C13-4139-8863-8A8F67A03E44}.Release|iPhone.Build.0 = Release|Any CPU
		{D305043F-6C13-4139-8863-8A8F67A03E44}.Release|iPhone.Deploy.0 = Release|Any CPU
		{D305043F-6C13-4139-8863-8A8F67A03E44}.Release|iPhoneSimulator.ActiveCfg = Release|Any CPU
		{D305043F-6C13-4139-8863-8A8F67A03E44}.Release|iPhoneSimulator.Build.0 = Release|Any CPU
		{D305043F-6C13-4139-8863-8A8F67A03E44}.Release|iPhoneSimulator.Deploy.0 = Release|Any CPU
		{4FEB377A-A25A-4CBD-9D9A-469987279425}.Debug|Any CPU.ActiveCfg = Debug|iPhoneSimulator
		{4FEB377A-A25A-4CBD-9D9A-469987279425}.Debug|Any CPU.Build.0 = Debug|iPhoneSimulator
		{4FEB377A-A25A-4CBD-9D9A-469987279425}.Debug|Any CPU.Deploy.0 = Debug|iPhoneSimulator
		{4FEB377A-A25A-4CBD-9D9A-469987279425}.Debug|iPhone.ActiveCfg = Debug|iPhone
		{4FEB377A-A25A-4CBD-9D9A-469987279425}.Debug|iPhone.Build.0 = Debug|iPhone
		{4FEB377A-A25A-4CBD-9D9A-469987279425}.Debug|iPhone.Deploy.0 = Debug|iPhone
		{4FEB377A-A25A-4CBD-9D9A-469987279425}.Debug|iPhoneSimulator.ActiveCfg = Debug|iPhoneSimulator
		{4FEB377A-A25A-4CBD-9D9A-469987279425}.Debug|iPhoneSimulator.Build.0 = Debug|iPhoneSimulator
		{4FEB377A-A25A-4CBD-9D9A-469987279425}.Debug|iPhoneSimulator.Deploy.0 = Debug|iPhoneSimulator
		{4FEB377A-A25A-4CBD-9D9A-469987279425}.Release|Any CPU.ActiveCfg = Release|iPhone
		{4FEB377A-A25A-4CBD-9D9A-469987279425}.Release|Any CPU.Build.0 = Release|iPhone
		{4FEB377A-A25A-4CBD-9D9A-469987279425}.Release|Any CPU.Deploy.0 = Release|iPhone
		{4FEB377A-A25A-4CBD-9D9A-469987279425}.Release|iPhone.ActiveCfg = Release|iPhone
		{4FEB377A-A25A-4CBD-9D9A-469987279425}.Release|iPhone.Build.0 = Release|iPhone
		{4FEB377A-A25A-4CBD-9D9A-469987279425}.Release|iPhone.Deploy.0 = Release|iPhone
		{4FEB377A-A25A-4CBD-9D9A-469987279425}.Release|iPhoneSimulator.ActiveCfg = Release|iPhoneSimulator
		{4FEB377A-A25A-4CBD-9D9A-469987279425}.Release|iPhoneSimulator.Build.0 = Release|iPhoneSimulator
		{4FEB377A-A25A-4CBD-9D9A-469987279425}.Release|iPhoneSimulator.Deploy.0 = Release|iPhoneSimulator
		{77D75AA3-7FE7-4514-AB3B-F0C66CBE1A6D}.Debug|Any CPU.ActiveCfg = Debug|Any CPU
		{77D75AA3-7FE7-4514-AB3B-F0C66CBE1A6D}.Debug|Any CPU.Build.0 = Debug|Any CPU
		{77D75AA3-7FE7-4514-AB3B-F0C66CBE1A6D}.Debug|Any CPU.Deploy.0 = Debug|Any CPU
		{77D75AA3-7FE7-4514-AB3B-F0C66CBE1A6D}.Debug|iPhone.ActiveCfg = Debug|Any CPU
		{77D75AA3-7FE7-4514-AB3B-F0C66CBE1A6D}.Debug|iPhone.Build.0 = Debug|Any CPU
		{77D75AA3-7FE7-4514-AB3B-F0C66CBE1A6D}.Debug|iPhone.Deploy.0 = Debug|Any CPU
		{77D75AA3-7FE7-4514-AB3B-F0C66CBE1A6D}.Debug|iPhoneSimulator.ActiveCfg = Debug|Any CPU
		{77D75AA3-7FE7-4514-AB3B-F0C66CBE1A6D}.Debug|iPhoneSimulator.Build.0 = Debug|Any CPU
		{77D75AA3-7FE7-4514-AB3B-F0C66CBE1A6D}.Debug|iPhoneSimulator.Deploy.0 = Debug|Any CPU
		{77D75AA3-7FE7-4514-AB3B-F0C66CBE1A6D}.Release|Any CPU.ActiveCfg = Release|Any CPU
		{77D75AA3-7FE7-4514-AB3B-F0C66CBE1A6D}.Release|Any CPU.Build.0 = Release|Any CPU
		{77D75AA3-7FE7-4514-AB3B-F0C66CBE1A6D}.Release|Any CPU.Deploy.0 = Release|Any CPU
		{77D75AA3-7FE7-4514-AB3B-F0C66CBE1A6D}.Release|iPhone.ActiveCfg = Release|Any CPU
		{77D75AA3-7FE7-4514-AB3B-F0C66CBE1A6D}.Release|iPhone.Build.0 = Release|Any CPU
		{77D75AA3-7FE7-4514-AB3B-F0C66CBE1A6D}.Release|iPhone.Deploy.0 = Release|Any CPU
		{77D75AA3-7FE7-4514-AB3B-F0C66CBE1A6D}.Release|iPhoneSimulator.ActiveCfg = Release|Any CPU
		{77D75AA3-7FE7-4514-AB3B-F0C66CBE1A6D}.Release|iPhoneSimulator.Build.0 = Release|Any CPU
		{77D75AA3-7FE7-4514-AB3B-F0C66CBE1A6D}.Release|iPhoneSimulator.Deploy.0 = Release|Any CPU
	EndGlobalSection
	GlobalSection(SolutionProperties) = preSolution
		HideSolutionNode = FALSE
	EndGlobalSection
	GlobalSection(ExtensibilityGlobals) = postSolution
		SolutionGuid = {8C9E6BF1-A5A1-4CBE-B39F-58BAFF32592C}
	EndGlobalSection
EndGlobal
